// !$*UTF8*$!
{
	archiveVersion = 1;
	classes = {
	};
	objectVersion = 50;
	objects = {

/* Begin PBXBuildFile section */
		8343E2152253C59000B21758 /* AppDelegate.swift in Sources */ = {isa = PBXBuildFile; fileRef = 8343E2142253C59000B21758 /* AppDelegate.swift */; };
		8343E2172253C59000B21758 /* ViewController.swift in Sources */ = {isa = PBXBuildFile; fileRef = 8343E2162253C59000B21758 /* ViewController.swift */; };
		8343E21A2253C59000B21758 /* Main.storyboard in Resources */ = {isa = PBXBuildFile; fileRef = 8343E2182253C59000B21758 /* Main.storyboard */; };
		8343E21C2253C59100B21758 /* Assets.xcassets in Resources */ = {isa = PBXBuildFile; fileRef = 8343E21B2253C59100B21758 /* Assets.xcassets */; };
		8343E21F2253C59100B21758 /* LaunchScreen.storyboard in Resources */ = {isa = PBXBuildFile; fileRef = 8343E21D2253C59100B21758 /* LaunchScreen.storyboard */; };
		8343E22A2253C59100B21758 /* zeroTests.swift in Sources */ = {isa = PBXBuildFile; fileRef = 8343E2292253C59100B21758 /* zeroTests.swift */; };
		8343E2352253C59100B21758 /* zeroUITests.swift in Sources */ = {isa = PBXBuildFile; fileRef = 8343E2342253C59100B21758 /* zeroUITests.swift */; };
/* End PBXBuildFile section */

/* Begin PBXContainerItemProxy section */
		8343E2262253C59100B21758 /* PBXContainerItemProxy */ = {
			isa = PBXContainerItemProxy;
			containerPortal = 8343E2092253C59000B21758 /* Project object */;
			proxyType = 1;
			remoteGlobalIDString = 8343E2102253C59000B21758;
			remoteInfo = zero;
		};
		8343E2312253C59100B21758 /* PBXContainerItemProxy */ = {
			isa = PBXContainerItemProxy;
			containerPortal = 8343E2092253C59000B21758 /* Project object */;
			proxyType = 1;
			remoteGlobalIDString = 8343E2102253C59000B21758;
			remoteInfo = zero;
		};
/* End PBXContainerItemProxy section */

/* Begin PBXFileReference section */
		8343E2112253C59000B21758 /* zero.app */ = {isa = PBXFileReference; explicitFileType = wrapper.application; includeInIndex = 0; path = zero.app; sourceTree = BUILT_PRODUCTS_DIR; };
		8343E2142253C59000B21758 /* AppDelegate.swift */ = {isa = PBXFileReference; lastKnownFileType = sourcecode.swift; path = AppDelegate.swift; sourceTree = "<group>"; };
		8343E2162253C59000B21758 /* ViewController.swift */ = {isa = PBXFileReference; lastKnownFileType = sourcecode.swift; path = ViewController.swift; sourceTree = "<group>"; };
		8343E2192253C59000B21758 /* Base */ = {isa = PBXFileReference; lastKnownFileType = file.storyboard; name = Base; path = Base.lproj/Main.storyboard; sourceTree = "<group>"; };
		8343E21B2253C59100B21758 /* Assets.xcassets */ = {isa = PBXFileReference; lastKnownFileType = folder.assetcatalog; path = Assets.xcassets; sourceTree = "<group>"; };
		8343E21E2253C59100B21758 /* Base */ = {isa = PBXFileReference; lastKnownFileType = file.storyboard; name = Base; path = Base.lproj/LaunchScreen.storyboard; sourceTree = "<group>"; };
		8343E2202253C59100B21758 /* Info.plist */ = {isa = PBXFileReference; lastKnownFileType = text.plist.xml; path = Info.plist; sourceTree = "<group>"; };
		8343E2252253C59100B21758 /* zeroTests.xctest */ = {isa = PBXFileReference; explicitFileType = wrapper.cfbundle; includeInIndex = 0; path = zeroTests.xctest; sourceTree = BUILT_PRODUCTS_DIR; };
		8343E2292253C59100B21758 /* zeroTests.swift */ = {isa = PBXFileReference; lastKnownFileType = sourcecode.swift; path = zeroTests.swift; sourceTree = "<group>"; };
		8343E22B2253C59100B21758 /* Info.plist */ = {isa = PBXFileReference; lastKnownFileType = text.plist.xml; path = Info.plist; sourceTree = "<group>"; };
		8343E2302253C59100B21758 /* zeroUITests.xctest */ = {isa = PBXFileReference; explicitFileType = wrapper.cfbundle; includeInIndex = 0; path = zeroUITests.xctest; sourceTree = BUILT_PRODUCTS_DIR; };
		8343E2342253C59100B21758 /* zeroUITests.swift */ = {isa = PBXFileReference; lastKnownFileType = sourcecode.swift; path = zeroUITests.swift; sourceTree = "<group>"; };
		8343E2362253C59100B21758 /* Info.plist */ = {isa = PBXFileReference; lastKnownFileType = text.plist.xml; path = Info.plist; sourceTree = "<group>"; };
/* End PBXFileReference section */

/* Begin PBXFrameworksBuildPhase section */
		8343E20E2253C59000B21758 /* Frameworks */ = {
			isa = PBXFrameworksBuildPhase;
			buildActionMask = 2147483647;
			files = (
			);
			runOnlyForDeploymentPostprocessing = 0;
		};
		8343E2222253C59100B21758 /* Frameworks */ = {
			isa = PBXFrameworksBuildPhase;
			buildActionMask = 2147483647;
			files = (
			);
			runOnlyForDeploymentPostprocessing = 0;
		};
		8343E22D2253C59100B21758 /* Frameworks */ = {
			isa = PBXFrameworksBuildPhase;
			buildActionMask = 2147483647;
			files = (
			);
			runOnlyForDeploymentPostprocessing = 0;
		};
/* End PBXFrameworksBuildPhase section */

/* Begin PBXGroup section */
		8343E2082253C59000B21758 = {
			isa = PBXGroup;
			children = (
				8343E2132253C59000B21758 /* zero */,
				8343E2282253C59100B21758 /* zeroTests */,
				8343E2332253C59100B21758 /* zeroUITests */,
				8343E2122253C59000B21758 /* Products */,
			);
			sourceTree = "<group>";
		};
		8343E2122253C59000B21758 /* Products */ = {
			isa = PBXGroup;
			children = (
				8343E2112253C59000B21758 /* zero.app */,
				8343E2252253C59100B21758 /* zeroTests.xctest */,
				8343E2302253C59100B21758 /* zeroUITests.xctest */,
			);
			name = Products;
			sourceTree = "<group>";
		};
		8343E2132253C59000B21758 /* zero */ = {
			isa = PBXGroup;
			children = (
				8343E2142253C59000B21758 /* AppDelegate.swift */,
				8343E2162253C59000B21758 /* ViewController.swift */,
				8343E2182253C59000B21758 /* Main.storyboard */,
				8343E21B2253C59100B21758 /* Assets.xcassets */,
				8343E21D2253C59100B21758 /* LaunchScreen.storyboard */,
				8343E2202253C59100B21758 /* Info.plist */,
			);
			path = zero;
			sourceTree = "<group>";
		};
		8343E2282253C59100B21758 /* zeroTests */ = {
			isa = PBXGroup;
			children = (
				8343E2292253C59100B21758 /* zeroTests.swift */,
				8343E22B2253C59100B21758 /* Info.plist */,
			);
			path = zeroTests;
			sourceTree = "<group>";
		};
		8343E2332253C59100B21758 /* zeroUITests */ = {
			isa = PBXGroup;
			children = (
				8343E2342253C59100B21758 /* zeroUITests.swift */,
				8343E2362253C59100B21758 /* Info.plist */,
			);
			path = zeroUITests;
			sourceTree = "<group>";
		};
/* End PBXGroup section */

/* Begin PBXNativeTarget section */
		8343E2102253C59000B21758 /* zero */ = {
			isa = PBXNativeTarget;
			buildConfigurationList = 8343E2392253C59100B21758 /* Build configuration list for PBXNativeTarget "zero" */;
			buildPhases = (
				8343E20D2253C59000B21758 /* Sources */,
				8343E20E2253C59000B21758 /* Frameworks */,
				8343E20F2253C59000B21758 /* Resources */,
			);
			buildRules = (
			);
			dependencies = (
			);
			name = zero;
			productName = zero;
			productReference = 8343E2112253C59000B21758 /* zero.app */;
			productType = "com.apple.product-type.application";
		};
		8343E2242253C59100B21758 /* zeroTests */ = {
			isa = PBXNativeTarget;
			buildConfigurationList = 8343E23C2253C59100B21758 /* Build configuration list for PBXNativeTarget "zeroTests" */;
			buildPhases = (
				8343E2212253C59100B21758 /* Sources */,
				8343E2222253C59100B21758 /* Frameworks */,
				8343E2232253C59100B21758 /* Resources */,
			);
			buildRules = (
			);
			dependencies = (
				8343E2272253C59100B21758 /* PBXTargetDependency */,
			);
			name = zeroTests;
			productName = zeroTests;
			productReference = 8343E2252253C59100B21758 /* zeroTests.xctest */;
			productType = "com.apple.product-type.bundle.unit-test";
		};
		8343E22F2253C59100B21758 /* zeroUITests */ = {
			isa = PBXNativeTarget;
			buildConfigurationList = 8343E23F2253C59100B21758 /* Build configuration list for PBXNativeTarget "zeroUITests" */;
			buildPhases = (
				8343E22C2253C59100B21758 /* Sources */,
				8343E22D2253C59100B21758 /* Frameworks */,
				8343E22E2253C59100B21758 /* Resources */,
			);
			buildRules = (
			);
			dependencies = (
				8343E2322253C59100B21758 /* PBXTargetDependency */,
			);
			name = zeroUITests;
			productName = zeroUITests;
			productReference = 8343E2302253C59100B21758 /* zeroUITests.xctest */;
			productType = "com.apple.product-type.bundle.ui-testing";
		};
/* End PBXNativeTarget section */

/* Begin PBXProject section */
		8343E2092253C59000B21758 /* Project object */ = {
			isa = PBXProject;
			attributes = {
				LastSwiftUpdateCheck = 1000;
				LastUpgradeCheck = 1000;
				ORGANIZATIONNAME = "Jacob Shobel";
				TargetAttributes = {
					8343E2102253C59000B21758 = {
						CreatedOnToolsVersion = 10.0;
					};
					8343E2242253C59100B21758 = {
						CreatedOnToolsVersion = 10.0;
						TestTargetID = 8343E2102253C59000B21758;
					};
					8343E22F2253C59100B21758 = {
						CreatedOnToolsVersion = 10.0;
						TestTargetID = 8343E2102253C59000B21758;
					};
				};
			};
			buildConfigurationList = 8343E20C2253C59000B21758 /* Build configuration list for PBXProject "zero" */;
			compatibilityVersion = "Xcode 9.3";
			developmentRegion = en;
			hasScannedForEncodings = 0;
			knownRegions = (
				en,
				Base,
			);
			mainGroup = 8343E2082253C59000B21758;
			productRefGroup = 8343E2122253C59000B21758 /* Products */;
			projectDirPath = "";
			projectRoot = "";
			targets = (
				8343E2102253C59000B21758 /* zero */,
				8343E2242253C59100B21758 /* zeroTests */,
				8343E22F2253C59100B21758 /* zeroUITests */,
			);
		};
/* End PBXProject section */

/* Begin PBXResourcesBuildPhase section */
		8343E20F2253C59000B21758 /* Resources */ = {
			isa = PBXResourcesBuildPhase;
			buildActionMask = 2147483647;
			files = (
				8343E21F2253C59100B21758 /* LaunchScreen.storyboard in Resources */,
				8343E21C2253C59100B21758 /* Assets.xcassets in Resources */,
				8343E21A2253C59000B21758 /* Main.storyboard in Resources */,
			);
			runOnlyForDeploymentPostprocessing = 0;
		};
		8343E2232253C59100B21758 /* Resources */ = {
			isa = PBXResourcesBuildPhase;
			buildActionMask = 2147483647;
			files = (
			);
			runOnlyForDeploymentPostprocessing = 0;
		};
		8343E22E2253C59100B21758 /* Resources */ = {
			isa = PBXResourcesBuildPhase;
			buildActionMask = 2147483647;
			files = (
			);
			runOnlyForDeploymentPostprocessing = 0;
		};
/* End PBXResourcesBuildPhase section */

/* Begin PBXSourcesBuildPhase section */
		8343E20D2253C59000B21758 /* Sources */ = {
			isa = PBXSourcesBuildPhase;
			buildActionMask = 2147483647;
			files = (
				8343E2172253C59000B21758 /* ViewController.swift in Sources */,
				8343E2152253C59000B21758 /* AppDelegate.swift in Sources */,
			);
			runOnlyForDeploymentPostprocessing = 0;
		};
		8343E2212253C59100B21758 /* Sources */ = {
			isa = PBXSourcesBuildPhase;
			buildActionMask = 2147483647;
			files = (
				8343E22A2253C59100B21758 /* zeroTests.swift in Sources */,
			);
			runOnlyForDeploymentPostprocessing = 0;
		};
		8343E22C2253C59100B21758 /* Sources */ = {
			isa = PBXSourcesBuildPhase;
			buildActionMask = 2147483647;
			files = (
				8343E2352253C59100B21758 /* zeroUITests.swift in Sources */,
			);
			runOnlyForDeploymentPostprocessing = 0;
		};
/* End PBXSourcesBuildPhase section */

/* Begin PBXTargetDependency section */
		8343E2272253C59100B21758 /* PBXTargetDependency */ = {
			isa = PBXTargetDependency;
			target = 8343E2102253C59000B21758 /* zero */;
			targetProxy = 8343E2262253C59100B21758 /* PBXContainerItemProxy */;
		};
		8343E2322253C59100B21758 /* PBXTargetDependency */ = {
			isa = PBXTargetDependency;
			target = 8343E2102253C59000B21758 /* zero */;
			targetProxy = 8343E2312253C59100B21758 /* PBXContainerItemProxy */;
		};
/* End PBXTargetDependency section */

/* Begin PBXVariantGroup section */
		8343E2182253C59000B21758 /* Main.storyboard */ = {
			isa = PBXVariantGroup;
			children = (
				8343E2192253C59000B21758 /* Base */,
			);
			name = Main.storyboard;
			sourceTree = "<group>";
		};
		8343E21D2253C59100B21758 /* LaunchScreen.storyboard */ = {
			isa = PBXVariantGroup;
			children = (
				8343E21E2253C59100B21758 /* Base */,
			);
			name = LaunchScreen.storyboard;
			sourceTree = "<group>";
		};
/* End PBXVariantGroup section */

/* Begin XCBuildConfiguration section */
		8343E2372253C59100B21758 /* Debug */ = {
			isa = XCBuildConfiguration;
			buildSettings = {
				ALWAYS_SEARCH_USER_PATHS = NO;
				CLANG_ANALYZER_NONNULL = YES;
				CLANG_ANALYZER_NUMBER_OBJECT_CONVERSION = YES_AGGRESSIVE;
				CLANG_CXX_LANGUAGE_STANDARD = "gnu++14";
				CLANG_CXX_LIBRARY = "libc++";
				CLANG_ENABLE_MODULES = YES;
				CLANG_ENABLE_OBJC_ARC = YES;
				CLANG_ENABLE_OBJC_WEAK = YES;
				CLANG_WARN_BLOCK_CAPTURE_AUTORELEASING = YES;
				CLANG_WARN_BOOL_CONVERSION = YES;
				CLANG_WARN_COMMA = YES;
				CLANG_WARN_CONSTANT_CONVERSION = YES;
				CLANG_WARN_DEPRECATED_OBJC_IMPLEMENTATIONS = YES;
				CLANG_WARN_DIRECT_OBJC_ISA_USAGE = YES_ERROR;
				CLANG_WARN_DOCUMENTATION_COMMENTS = YES;
				CLANG_WARN_EMPTY_BODY = YES;
				CLANG_WARN_ENUM_CONVERSION = YES;
				CLANG_WARN_INFINITE_RECURSION = YES;
				CLANG_WARN_INT_CONVERSION = YES;
				CLANG_WARN_NON_LITERAL_NULL_CONVERSION = YES;
				CLANG_WARN_OBJC_IMPLICIT_RETAIN_SELF = YES;
				CLANG_WARN_OBJC_LITERAL_CONVERSION = YES;
				CLANG_WARN_OBJC_ROOT_CLASS = YES_ERROR;
				CLANG_WARN_RANGE_LOOP_ANALYSIS = YES;
				CLANG_WARN_STRICT_PROTOTYPES = YES;
				CLANG_WARN_SUSPICIOUS_MOVE = YES;
				CLANG_WARN_UNGUARDED_AVAILABILITY = YES_AGGRESSIVE;
				CLANG_WARN_UNREACHABLE_CODE = YES;
				CLANG_WARN__DUPLICATE_METHOD_MATCH = YES;
				CODE_SIGN_IDENTITY = "iPhone Developer";
				COPY_PHASE_STRIP = NO;
				DEBUG_INFORMATION_FORMAT = dwarf;
				ENABLE_STRICT_OBJC_MSGSEND = YES;
				ENABLE_TESTABILITY = YES;
				GCC_C_LANGUAGE_STANDARD = gnu11;
				GCC_DYNAMIC_NO_PIC = NO;
				GCC_NO_COMMON_BLOCKS = YES;
				GCC_OPTIMIZATION_LEVEL = 0;
				GCC_PREPROCESSOR_DEFINITIONS = (
					"DEBUG=1",
					"$(inherited)",
				);
				GCC_WARN_64_TO_32_BIT_CONVERSION = YES;
				GCC_WARN_ABOUT_RETURN_TYPE = YES_ERROR;
				GCC_WARN_UNDECLARED_SELECTOR = YES;
				GCC_WARN_UNINITIALIZED_AUTOS = YES_AGGRESSIVE;
				GCC_WARN_UNUSED_FUNCTION = YES;
				GCC_WARN_UNUSED_VARIABLE = YES;
				IPHONEOS_DEPLOYMENT_TARGET = 12.0;
				MTL_ENABLE_DEBUG_INFO = INCLUDE_SOURCE;
				MTL_FAST_MATH = YES;
				ONLY_ACTIVE_ARCH = YES;
				SDKROOT = iphoneos;
				SWIFT_ACTIVE_COMPILATION_CONDITIONS = DEBUG;
				SWIFT_OPTIMIZATION_LEVEL = "-Onone";
			};
			name = Debug;
		};
		8343E2382253C59100B21758 /* Release */ = {
			isa = XCBuildConfiguration;
			buildSettings = {
				ALWAYS_SEARCH_USER_PATHS = NO;
				CLANG_ANALYZER_NONNULL = YES;
				CLANG_ANALYZER_NUMBER_OBJECT_CONVERSION = YES_AGGRESSIVE;
				CLANG_CXX_LANGUAGE_STANDARD = "gnu++14";
				CLANG_CXX_LIBRARY = "libc++";
				CLANG_ENABLE_MODULES = YES;
				CLANG_ENABLE_OBJC_ARC = YES;
				CLANG_ENABLE_OBJC_WEAK = YES;
				CLANG_WARN_BLOCK_CAPTURE_AUTORELEASING = YES;
				CLANG_WARN_BOOL_CONVERSION = YES;
				CLANG_WARN_COMMA = YES;
				CLANG_WARN_CONSTANT_CONVERSION = YES;
				CLANG_WARN_DEPRECATED_OBJC_IMPLEMENTATIONS = YES;
				CLANG_WARN_DIRECT_OBJC_ISA_USAGE = YES_ERROR;
				CLANG_WARN_DOCUMENTATION_COMMENTS = YES;
				CLANG_WARN_EMPTY_BODY = YES;
				CLANG_WARN_ENUM_CONVERSION = YES;
				CLANG_WARN_INFINITE_RECURSION = YES;
				CLANG_WARN_INT_CONVERSION = YES;
				CLANG_WARN_NON_LITERAL_NULL_CONVERSION = YES;
				CLANG_WARN_OBJC_IMPLICIT_RETAIN_SELF = YES;
				CLANG_WARN_OBJC_LITERAL_CONVERSION = YES;
				CLANG_WARN_OBJC_ROOT_CLASS = YES_ERROR;
				CLANG_WARN_RANGE_LOOP_ANALYSIS = YES;
				CLANG_WARN_STRICT_PROTOTYPES = YES;
				CLANG_WARN_SUSPICIOUS_MOVE = YES;
				CLANG_WARN_UNGUARDED_AVAILABILITY = YES_AGGRESSIVE;
				CLANG_WARN_UNREACHABLE_CODE = YES;
				CLANG_WARN__DUPLICATE_METHOD_MATCH = YES;
				CODE_SIGN_IDENTITY = "iPhone Developer";
				COPY_PHASE_STRIP = NO;
				DEBUG_INFORMATION_FORMAT = "dwarf-with-dsym";
				ENABLE_NS_ASSERTIONS = NO;
				ENABLE_STRICT_OBJC_MSGSEND = YES;
				GCC_C_LANGUAGE_STANDARD = gnu11;
				GCC_NO_COMMON_BLOCKS = YES;
				GCC_WARN_64_TO_32_BIT_CONVERSION = YES;
				GCC_WARN_ABOUT_RETURN_TYPE = YES_ERROR;
				GCC_WARN_UNDECLARED_SELECTOR = YES;
				GCC_WARN_UNINITIALIZED_AUTOS = YES_AGGRESSIVE;
				GCC_WARN_UNUSED_FUNCTION = YES;
				GCC_WARN_UNUSED_VARIABLE = YES;
				IPHONEOS_DEPLOYMENT_TARGET = 12.0;
				MTL_ENABLE_DEBUG_INFO = NO;
				MTL_FAST_MATH = YES;
				SDKROOT = iphoneos;
				SWIFT_COMPILATION_MODE = wholemodule;
				SWIFT_OPTIMIZATION_LEVEL = "-O";
				VALIDATE_PRODUCT = YES;
			};
			name = Release;
		};
		8343E23A2253C59100B21758 /* Debug */ = {
			isa = XCBuildConfiguration;
			buildSettings = {
				ASSETCATALOG_COMPILER_APPICON_NAME = AppIcon;
				CODE_SIGN_STYLE = Automatic;
				INFOPLIST_FILE = zero/Info.plist;
				LD_RUNPATH_SEARCH_PATHS = (
					"$(inherited)",
					"@executable_path/Frameworks",
				);
				PRODUCT_BUNDLE_IDENTIFIER = com.zero;
				PRODUCT_NAME = "$(TARGET_NAME)";
				SWIFT_VERSION = 4.2;
				TARGETED_DEVICE_FAMILY = "1,2";
			};
			name = Debug;
		};
		8343E23B2253C59100B21758 /* Release */ = {
			isa = XCBuildConfiguration;
			buildSettings = {
				ASSETCATALOG_COMPILER_APPICON_NAME = AppIcon;
				CODE_SIGN_STYLE = Automatic;
				INFOPLIST_FILE = zero/Info.plist;
				LD_RUNPATH_SEARCH_PATHS = (
					"$(inherited)",
					"@executable_path/Frameworks",
				);
				PRODUCT_BUNDLE_IDENTIFIER = com.zero;
				PRODUCT_NAME = "$(TARGET_NAME)";
				SWIFT_VERSION = 4.2;
				TARGETED_DEVICE_FAMILY = "1,2";
			};
			name = Release;
		};
		8343E23D2253C59100B21758 /* Debug */ = {
			isa = XCBuildConfiguration;
			buildSettings = {
				ALWAYS_EMBED_SWIFT_STANDARD_LIBRARIES = YES;
				BUNDLE_LOADER = "$(TEST_HOST)";
				CODE_SIGN_STYLE = Automatic;
				INFOPLIST_FILE = zeroTests/Info.plist;
				LD_RUNPATH_SEARCH_PATHS = (
					"$(inherited)",
					"@executable_path/Frameworks",
					"@loader_path/Frameworks",
				);
				PRODUCT_BUNDLE_IDENTIFIER = com.zeroTests;
				PRODUCT_NAME = "$(TARGET_NAME)";
				SWIFT_VERSION = 4.2;
				TARGETED_DEVICE_FAMILY = "1,2";
				TEST_HOST = "$(BUILT_PRODUCTS_DIR)/zero.app/zero";
			};
			name = Debug;
		};
		8343E23E2253C59100B21758 /* Release */ = {
			isa = XCBuildConfiguration;
			buildSettings = {
				ALWAYS_EMBED_SWIFT_STANDARD_LIBRARIES = YES;
				BUNDLE_LOADER = "$(TEST_HOST)";
				CODE_SIGN_STYLE = Automatic;
				INFOPLIST_FILE = zeroTests/Info.plist;
				LD_RUNPATH_SEARCH_PATHS = (
					"$(inherited)",
					"@executable_path/Frameworks",
					"@loader_path/Frameworks",
				);
				PRODUCT_BUNDLE_IDENTIFIER = com.zeroTests;
				PRODUCT_NAME = "$(TARGET_NAME)";
				SWIFT_VERSION = 4.2;
				TARGETED_DEVICE_FAMILY = "1,2";
				TEST_HOST = "$(BUILT_PRODUCTS_DIR)/zero.app/zero";
			};
			name = Release;
		};
		8343E2402253C59100B21758 /* Debug */ = {
			isa = XCBuildConfiguration;
			buildSettings = {
				ALWAYS_EMBED_SWIFT_STANDARD_LIBRARIES = YES;
				CODE_SIGN_STYLE = Automatic;
				INFOPLIST_FILE = zeroUITests/Info.plist;
				LD_RUNPATH_SEARCH_PATHS = (
					"$(inherited)",
					"@executable_path/Frameworks",
					"@loader_path/Frameworks",
				);
				PRODUCT_BUNDLE_IDENTIFIER = com.zeroUITests;
				PRODUCT_NAME = "$(TARGET_NAME)";
				SWIFT_VERSION = 4.2;
				TARGETED_DEVICE_FAMILY = "1,2";
				TEST_TARGET_NAME = zero;
			};
			name = Debug;
		};
		8343E2412253C59100B21758 /* Release */ = {
			isa = XCBuildConfiguration;
			buildSettings = {
				ALWAYS_EMBED_SWIFT_STANDARD_LIBRARIES = YES;
				CODE_SIGN_STYLE = Automatic;
				INFOPLIST_FILE = zeroUITests/Info.plist;
				LD_RUNPATH_SEARCH_PATHS = (
					"$(inherited)",
					"@executable_path/Frameworks",
					"@loader_path/Frameworks",
				);
				PRODUCT_BUNDLE_IDENTIFIER = com.zeroUITests;
				PRODUCT_NAME = "$(TARGET_NAME)";
				SWIFT_VERSION = 4.2;
				TARGETED_DEVICE_FAMILY = "1,2";
				TEST_TARGET_NAME = zero;
			};
			name = Release;
		};
/* End XCBuildConfiguration section */

/* Begin XCConfigurationList section */
		8343E20C2253C59000B21758 /* Build configuration list for PBXProject "zero" */ = {
			isa = XCConfigurationList;
			buildConfigurations = (
				8343E2372253C59100B21758 /* Debug */,
				8343E2382253C59100B21758 /* Release */,
			);
			defaultConfigurationIsVisible = 0;
			defaultConfigurationName = Release;
		};
		8343E2392253C59100B21758 /* Build configuration list for PBXNativeTarget "zero" */ = {
			isa = XCConfigurationList;
			buildConfigurations = (
				8343E23A2253C59100B21758 /* Debug */,
				8343E23B2253C59100B21758 /* Release */,
			);
			defaultConfigurationIsVisible = 0;
			defaultConfigurationName = Release;
		};
		8343E23C2253C59100B21758 /* Build configuration list for PBXNativeTarget "zeroTests" */ = {
			isa = XCConfigurationList;
			buildConfigurations = (
				8343E23D2253C59100B21758 /* Debug */,
				8343E23E2253C59100B21758 /* Release */,
			);
			defaultConfigurationIsVisible = 0;
			defaultConfigurationName = Release;
		};
		8343E23F2253C59100B21758 /* Build configuration list for PBXNativeTarget "zeroUITests" */ = {
			isa = XCConfigurationList;
			buildConfigurations = (
				8343E2402253C59100B21758 /* Debug */,
				8343E2412253C59100B21758 /* Release */,
			);
			defaultConfigurationIsVisible = 0;
			defaultConfigurationName = Release;
		};
/* End XCConfigurationList section */
	};
	rootObject = 8343E2092253C59000B21758 /* Project object */;
}
